
Microsoft Visual Studio Solution File, Format Version 12.00
# Visual Studio 15
Project("{FAE04EC0-301F-11D3-BF4B-00C04F79EFBC}") = "Assembly-CSharp", "Assembly-CSharp.csproj", "{1F423968-B300-0ED3-731B-795E06174C28}"
EndProject
Project("{FAE04EC0-301F-11D3-BF4B-00C04F79EFBC}") = "Oculus.VR", "Oculus.VR.csproj", "{9CE965B7-4F0C-965B-7860-E92BC1D9D383}"
EndProject
Project("{FAE04EC0-301F-11D3-BF4B-00C04F79EFBC}") = "Assembly-CSharp-Editor", "Assembly-CSharp-Editor.csproj", "{604C8157-6F2F-1B22-27A2-A20089A35926}"
EndProject
Project("{FAE04EC0-301F-11D3-BF4B-00C04F79EFBC}") = "Oculus.VR.Scripts.Editor", "Oculus.VR.Scripts.Editor.csproj", "{E44ABDD0-9AFF-2250-F6FD-9F588C32DA2B}"
EndProject
Project("{FAE04EC0-301F-11D3-BF4B-00C04F79EFBC}") = "Oculus.VR.Editor", "Oculus.VR.Editor.csproj", "{1B43EC2A-C0AB-A666-5565-9496CF91BAF2}"
EndProject
Global
	GlobalSection(SolutionConfigurationPlatforms) = preSolution
		Debug|Any CPU = Debug|Any CPU
		Release|Any CPU = Release|Any CPU
	EndGlobalSection
	GlobalSection(ProjectConfigurationPlatforms) = postSolution
		{1F423968-B300-0ED3-731B-795E06174C28}.Debug|Any CPU.ActiveCfg = Debug|Any CPU
		{1F423968-B300-0ED3-731B-795E06174C28}.Debug|Any CPU.Build.0 = Debug|Any CPU
		{1F423968-B300-0ED3-731B-795E06174C28}.Release|Any CPU.ActiveCfg = Release|Any CPU
		{1F423968-B300-0ED3-731B-795E06174C28}.Release|Any CPU.Build.0 = Release|Any CPU
		{9CE965B7-4F0C-965B-7860-E92BC1D9D383}.Debug|Any CPU.ActiveCfg = Debug|Any CPU
		{9CE965B7-4F0C-965B-7860-E92BC1D9D383}.Debug|Any CPU.Build.0 = Debug|Any CPU
		{9CE965B7-4F0C-965B-7860-E92BC1D9D383}.Release|Any CPU.ActiveCfg = Release|Any CPU
		{9CE965B7-4F0C-965B-7860-E92BC1D9D383}.Release|Any CPU.Build.0 = Release|Any CPU
		{604C8157-6F2F-1B22-27A2-A20089A35926}.Debug|Any CPU.ActiveCfg = Debug|Any CPU
		{604C8157-6F2F-1B22-27A2-A20089A35926}.Debug|Any CPU.Build.0 = Debug|Any CPU
		{604C8157-6F2F-1B22-27A2-A20089A35926}.Release|Any CPU.ActiveCfg = Release|Any CPU
		{604C8157-6F2F-1B22-27A2-A20089A35926}.Release|Any CPU.Build.0 = Release|Any CPU
		{E44ABDD0-9AFF-2250-F6FD-9F588C32DA2B}.Debug|Any CPU.ActiveCfg = Debug|Any CPU
		{E44ABDD0-9AFF-2250-F6FD-9F588C32DA2B}.Debug|Any CPU.Build.0 = Debug|Any CPU
		{E44ABDD0-9AFF-2250-F6FD-9F588C32DA2B}.Release|Any CPU.ActiveCfg = Release|Any CPU
		{E44ABDD0-9AFF-2250-F6FD-9F588C32DA2B}.Release|Any CPU.Build.0 = Release|Any CPU
		{1B43EC2A-C0AB-A666-5565-9496CF91BAF2}.Debug|Any CPU.ActiveCfg = Debug|Any CPU
		{1B43EC2A-C0AB-A666-5565-9496CF91BAF2}.Debug|Any CPU.Build.0 = Debug|Any CPU
		{1B43EC2A-C0AB-A666-5565-9496CF91BAF2}.Release|Any CPU.ActiveCfg = Release|Any CPU
		{1B43EC2A-C0AB-A666-5565-9496CF91BAF2}.Release|Any CPU.Build.0 = Release|Any CPU
	EndGlobalSection
	GlobalSection(SolutionProperties) = preSolution
		HideSolutionNode = FALSE
	EndGlobalSection
EndGlobal
